PODS:
  - CryptoSwift (1.4.1)
  - RxCocoa (6.2.0):
    - RxRelay (= 6.2.0)
    - RxSwift (= 6.2.0)
  - RxRelay (6.2.0):
    - RxSwift (= 6.2.0)
  - RxSwift (6.2.0)
  - Starscream (4.0.4)

DEPENDENCIES:
  - CryptoSwift (= 1.4.1)
  - RxCocoa (= 6.2.0)
  - RxSwift (= 6.2.0)
  - Starscream (= 4.0.4)

SPEC REPOS:
  trunk:
    - CryptoSwift
    - RxCocoa
    - RxRelay
    - RxSwift
    - Starscream

SPEC CHECKSUMS:
  CryptoSwift: 0bc800a7e6a24c4fc9ebeab97d44b0d5f73a78bd
  RxCocoa: 4baf94bb35f2c0ab31bc0cb9f1900155f646ba42
  RxRelay: e72dbfd157807478401ef1982e1c61c945c94b2f
  RxSwift: d356ab7bee873611322f134c5f9ef379fa183d8f
  Starscream: 5178aed56b316f13fa3bc55694e583d35dd414d9

PODFILE CHECKSUM: 6a6b36b57223dc06a39156bf5c57d7bf8b390a41

COCOAPODS: 1.11.2
